
Microsoft Visual Studio Solution File, Format Version 12.00
# Visual Studio Version 16
VisualStudioVersion = 16.0.31613.86
MinimumVisualStudioVersion = 10.0.40219.1
Project("{FAE04EC0-301F-11D3-BF4B-00C04F79EFBC}") = "Schnecke", "Schnecke\Schnecke.csproj", "{A17F6ACD-4DAD-4937-A2D9-25E5CBDE6462}"
EndProject
Global
	GlobalSection(SolutionConfigurationPlatforms) = preSolution
		Debug|Any CPU = Debug|Any CPU
		Release|Any CPU = Release|Any CPU
	EndGlobalSection
	GlobalSection(ProjectConfigurationPlatforms) = postSolution
		{A17F6ACD-4DAD-4937-A2D9-25E5CBDE6462}.Debug|Any CPU.ActiveCfg = Debug|Any CPU
		{A17F6ACD-4DAD-4937-A2D9-25E5CBDE6462}.Debug|Any CPU.Build.0 = Debug|Any CPU
		{A17F6ACD-4DAD-4937-A2D9-25E5CBDE6462}.Release|Any CPU.ActiveCfg = Release|Any CPU
		{A17F6ACD-4DAD-4937-A2D9-25E5CBDE6462}.Release|Any CPU.Build.0 = Release|Any CPU
	EndGlobalSection
	GlobalSection(SolutionProperties) = preSolution
		HideSolutionNode = FALSE
	EndGlobalSection
	GlobalSection(ExtensibilityGlobals) = postSolution
		SolutionGuid = {C0D516E7-C16E-4273-9860-CA1AB4D367FB}
	EndGlobalSection
EndGlobal
